
Microsoft Visual Studio Solution File, Format Version 12.00
# Visual Studio Version 16
VisualStudioVersion = 16.0.30128.74
MinimumVisualStudioVersion = 10.0.40219.1
Project("{FAE04EC0-301F-11D3-BF4B-00C04F79EFBC}") = "P03_FootballBetting", "P03_FootballBetting\P03_FootballBetting.csproj", "{86124522-50C1-4842-B556-D5B467B303B7}"
EndProject
Project("{FAE04EC0-301F-11D3-BF4B-00C04F79EFBC}") = "P03_FootballBetting.Data.Models", "P03_FootballBetting.Data.Models\P03_FootballBetting.Data.Models.csproj", "{6A3F412D-B924-4953-A8E6-EA920D5A9088}"
EndProject
Project("{FAE04EC0-301F-11D3-BF4B-00C04F79EFBC}") = "P03_FootballBetting.Data", "P03_FootballBetting.Data\P03_FootballBetting.Data.csproj", "{A97BF750-D564-4AA3-B236-24800B64BE79}"
EndProject
Global
	GlobalSection(SolutionConfigurationPlatforms) = preSolution
		Debug|Any CPU = Debug|Any CPU
		Release|Any CPU = Release|Any CPU
	EndGlobalSection
	GlobalSection(ProjectConfigurationPlatforms) = postSolution
		{86124522-50C1-4842-B556-D5B467B303B7}.Debug|Any CPU.ActiveCfg = Debug|Any CPU
		{86124522-50C1-4842-B556-D5B467B303B7}.Debug|Any CPU.Build.0 = Debug|Any CPU
		{86124522-50C1-4842-B556-D5B467B303B7}.Release|Any CPU.ActiveCfg = Release|Any CPU
		{86124522-50C1-4842-B556-D5B467B303B7}.Release|Any CPU.Build.0 = Release|Any CPU
		{6A3F412D-B924-4953-A8E6-EA920D5A9088}.Debug|Any CPU.ActiveCfg = Debug|Any CPU
		{6A3F412D-B924-4953-A8E6-EA920D5A9088}.Debug|Any CPU.Build.0 = Debug|Any CPU
		{6A3F412D-B924-4953-A8E6-EA920D5A9088}.Release|Any CPU.ActiveCfg = Release|Any CPU
		{6A3F412D-B924-4953-A8E6-EA920D5A9088}.Release|Any CPU.Build.0 = Release|Any CPU
		{A97BF750-D564-4AA3-B236-24800B64BE79}.Debug|Any CPU.ActiveCfg = Debug|Any CPU
		{A97BF750-D564-4AA3-B236-24800B64BE79}.Debug|Any CPU.Build.0 = Debug|Any CPU
		{A97BF750-D564-4AA3-B236-24800B64BE79}.Release|Any CPU.ActiveCfg = Release|Any CPU
		{A97BF750-D564-4AA3-B236-24800B64BE79}.Release|Any CPU.Build.0 = Release|Any CPU
	EndGlobalSection
	GlobalSection(SolutionProperties) = preSolution
		HideSolutionNode = FALSE
	EndGlobalSection
	GlobalSection(ExtensibilityGlobals) = postSolution
		SolutionGuid = {FAAA62A6-01AE-4881-9125-26C507F171EA}
	EndGlobalSection
EndGlobal
