
Microsoft Visual Studio Solution File, Format Version 12.00
# Visual Studio Version 16
VisualStudioVersion = 16.0.30128.74
MinimumVisualStudioVersion = 10.0.40219.1
Project("{9A19103F-16F7-4668-BE54-9A1E7A4F7556}") = "SortEvenNumbers", "SortEvenNumbers\SortEvenNumbers.csproj", "{CD7EAD90-A699-4C2C-8085-CA86B9248D49}"
EndProject
Project("{9A19103F-16F7-4668-BE54-9A1E7A4F7556}") = "SumNumbers", "SumNumbers\SumNumbers.csproj", "{DA464E48-49BE-44C6-86CC-4AA054671D7D}"
EndProject
Project("{9A19103F-16F7-4668-BE54-9A1E7A4F7556}") = "CountUppercaseWords", "CountUppercaseWords\CountUppercaseWords.csproj", "{703AE327-1165-4D71-A8D4-005754980791}"
EndProject
Project("{FAE04EC0-301F-11D3-BF4B-00C04F79EFBC}") = "AddVAT", "AddVAT\AddVAT.csproj", "{F82394EF-C421-48A2-9374-12EBDCE8F29A}"
EndProject
Project("{FAE04EC0-301F-11D3-BF4B-00C04F79EFBC}") = "FilterByAge", "Filter\ByAge\Filter\FilterByAge.csproj", "{F5CDEC3D-CA7C-4075-A655-B38AB12AB5C8}"
EndProject
Global
	GlobalSection(SolutionConfigurationPlatforms) = preSolution
		Debug|Any CPU = Debug|Any CPU
		Release|Any CPU = Release|Any CPU
	EndGlobalSection
	GlobalSection(ProjectConfigurationPlatforms) = postSolution
		{CD7EAD90-A699-4C2C-8085-CA86B9248D49}.Debug|Any CPU.ActiveCfg = Debug|Any CPU
		{CD7EAD90-A699-4C2C-8085-CA86B9248D49}.Debug|Any CPU.Build.0 = Debug|Any CPU
		{CD7EAD90-A699-4C2C-8085-CA86B9248D49}.Release|Any CPU.ActiveCfg = Release|Any CPU
		{CD7EAD90-A699-4C2C-8085-CA86B9248D49}.Release|Any CPU.Build.0 = Release|Any CPU
		{DA464E48-49BE-44C6-86CC-4AA054671D7D}.Debug|Any CPU.ActiveCfg = Debug|Any CPU
		{DA464E48-49BE-44C6-86CC-4AA054671D7D}.Debug|Any CPU.Build.0 = Debug|Any CPU
		{DA464E48-49BE-44C6-86CC-4AA054671D7D}.Release|Any CPU.ActiveCfg = Release|Any CPU
		{DA464E48-49BE-44C6-86CC-4AA054671D7D}.Release|Any CPU.Build.0 = Release|Any CPU
		{703AE327-1165-4D71-A8D4-005754980791}.Debug|Any CPU.ActiveCfg = Debug|Any CPU
		{703AE327-1165-4D71-A8D4-005754980791}.Debug|Any CPU.Build.0 = Debug|Any CPU
		{703AE327-1165-4D71-A8D4-005754980791}.Release|Any CPU.ActiveCfg = Release|Any CPU
		{703AE327-1165-4D71-A8D4-005754980791}.Release|Any CPU.Build.0 = Release|Any CPU
		{F82394EF-C421-48A2-9374-12EBDCE8F29A}.Debug|Any CPU.ActiveCfg = Debug|Any CPU
		{F82394EF-C421-48A2-9374-12EBDCE8F29A}.Debug|Any CPU.Build.0 = Debug|Any CPU
		{F82394EF-C421-48A2-9374-12EBDCE8F29A}.Release|Any CPU.ActiveCfg = Release|Any CPU
		{F82394EF-C421-48A2-9374-12EBDCE8F29A}.Release|Any CPU.Build.0 = Release|Any CPU
		{F5CDEC3D-CA7C-4075-A655-B38AB12AB5C8}.Debug|Any CPU.ActiveCfg = Debug|Any CPU
		{F5CDEC3D-CA7C-4075-A655-B38AB12AB5C8}.Debug|Any CPU.Build.0 = Debug|Any CPU
		{F5CDEC3D-CA7C-4075-A655-B38AB12AB5C8}.Release|Any CPU.ActiveCfg = Release|Any CPU
		{F5CDEC3D-CA7C-4075-A655-B38AB12AB5C8}.Release|Any CPU.Build.0 = Release|Any CPU
	EndGlobalSection
	GlobalSection(SolutionProperties) = preSolution
		HideSolutionNode = FALSE
	EndGlobalSection
	GlobalSection(ExtensibilityGlobals) = postSolution
		SolutionGuid = {4BE9C0D7-B408-4CBF-B2E4-4D52D003DF18}
	EndGlobalSection
EndGlobal
