
Microsoft Visual Studio Solution File, Format Version 12.00
# Visual Studio Version 16
VisualStudioVersion = 16.0.30128.74
MinimumVisualStudioVersion = 10.0.40219.1
Project("{9A19103F-16F7-4668-BE54-9A1E7A4F7556}") = "7.DataTypesAndVariableLad", "7.DataTypesAndVariableLad\7.DataTypesAndVariableLad.csproj", "{D806613C-424D-47D7-A24A-7AA4FE20CF51}"
EndProject
Project("{FAE04EC0-301F-11D3-BF4B-00C04F79EFBC}") = "PoundsToDollars", "PoundsToDollars\PoundsToDollars.csproj", "{335C6E23-3A1D-43E6-BCC5-15E47EA2EFC9}"
EndProject
Project("{FAE04EC0-301F-11D3-BF4B-00C04F79EFBC}") = "ExactSumOfrealNumbers", "ExactSumOfrealNumbers\ExactSumOfrealNumbers.csproj", "{6E414F68-0E7E-4FD0-B517-85AE50085767}"
EndProject
Project("{FAE04EC0-301F-11D3-BF4B-00C04F79EFBC}") = "CenturiesToMinutes", "CenturiesToMinutes\CenturiesToMinutes.csproj", "{0A95F576-0229-4F45-8628-15ED501F2292}"
EndProject
Project("{FAE04EC0-301F-11D3-BF4B-00C04F79EFBC}") = "SpecialNumbers", "SpecialNumbers\SpecialNumbers.csproj", "{318670E9-2B3E-4C23-A8A0-06E44989D43A}"
EndProject
Project("{FAE04EC0-301F-11D3-BF4B-00C04F79EFBC}") = "ReversedChars", "ReversedChars\ReversedChars.csproj", "{D4E4B48C-129D-437C-ABA2-C9D652B57A3F}"
EndProject
Project("{FAE04EC0-301F-11D3-BF4B-00C04F79EFBC}") = "ConcatNames", "ConcatNames\ConcatNames.csproj", "{DDD2B78D-F18D-47D5-BC2E-338D2E6FCF13}"
EndProject
Project("{FAE04EC0-301F-11D3-BF4B-00C04F79EFBC}") = "TownInfo", "TownInfo\TownInfo.csproj", "{4C467B56-C8BE-44FF-991B-5C07E39AF57C}"
EndProject
Project("{FAE04EC0-301F-11D3-BF4B-00C04F79EFBC}") = "CharsToString", "CharsToString\CharsToString.csproj", "{C5BD26AF-C1AE-4062-993C-8C46C223398D}"
EndProject
Project("{FAE04EC0-301F-11D3-BF4B-00C04F79EFBC}") = "LowerToUpper", "LowerToUpper\LowerToUpper.csproj", "{F9423DC2-AF10-41EC-9803-5F6A1C90AFDD}"
EndProject
Project("{FAE04EC0-301F-11D3-BF4B-00C04F79EFBC}") = "RefactorVolumeOfPyramid", "RefactorVolumeOfPyramid\RefactorVolumeOfPyramid.csproj", "{A9DBF06D-6221-4B8D-B64C-346810A1F7DD}"
EndProject
Global
	GlobalSection(SolutionConfigurationPlatforms) = preSolution
		Debug|Any CPU = Debug|Any CPU
		Release|Any CPU = Release|Any CPU
	EndGlobalSection
	GlobalSection(ProjectConfigurationPlatforms) = postSolution
		{D806613C-424D-47D7-A24A-7AA4FE20CF51}.Debug|Any CPU.ActiveCfg = Debug|Any CPU
		{D806613C-424D-47D7-A24A-7AA4FE20CF51}.Debug|Any CPU.Build.0 = Debug|Any CPU
		{D806613C-424D-47D7-A24A-7AA4FE20CF51}.Release|Any CPU.ActiveCfg = Release|Any CPU
		{D806613C-424D-47D7-A24A-7AA4FE20CF51}.Release|Any CPU.Build.0 = Release|Any CPU
		{335C6E23-3A1D-43E6-BCC5-15E47EA2EFC9}.Debug|Any CPU.ActiveCfg = Debug|Any CPU
		{335C6E23-3A1D-43E6-BCC5-15E47EA2EFC9}.Debug|Any CPU.Build.0 = Debug|Any CPU
		{335C6E23-3A1D-43E6-BCC5-15E47EA2EFC9}.Release|Any CPU.ActiveCfg = Release|Any CPU
		{335C6E23-3A1D-43E6-BCC5-15E47EA2EFC9}.Release|Any CPU.Build.0 = Release|Any CPU
		{6E414F68-0E7E-4FD0-B517-85AE50085767}.Debug|Any CPU.ActiveCfg = Debug|Any CPU
		{6E414F68-0E7E-4FD0-B517-85AE50085767}.Debug|Any CPU.Build.0 = Debug|Any CPU
		{6E414F68-0E7E-4FD0-B517-85AE50085767}.Release|Any CPU.ActiveCfg = Release|Any CPU
		{6E414F68-0E7E-4FD0-B517-85AE50085767}.Release|Any CPU.Build.0 = Release|Any CPU
		{0A95F576-0229-4F45-8628-15ED501F2292}.Debug|Any CPU.ActiveCfg = Debug|Any CPU
		{0A95F576-0229-4F45-8628-15ED501F2292}.Debug|Any CPU.Build.0 = Debug|Any CPU
		{0A95F576-0229-4F45-8628-15ED501F2292}.Release|Any CPU.ActiveCfg = Release|Any CPU
		{0A95F576-0229-4F45-8628-15ED501F2292}.Release|Any CPU.Build.0 = Release|Any CPU
		{318670E9-2B3E-4C23-A8A0-06E44989D43A}.Debug|Any CPU.ActiveCfg = Debug|Any CPU
		{318670E9-2B3E-4C23-A8A0-06E44989D43A}.Debug|Any CPU.Build.0 = Debug|Any CPU
		{318670E9-2B3E-4C23-A8A0-06E44989D43A}.Release|Any CPU.ActiveCfg = Release|Any CPU
		{318670E9-2B3E-4C23-A8A0-06E44989D43A}.Release|Any CPU.Build.0 = Release|Any CPU
		{D4E4B48C-129D-437C-ABA2-C9D652B57A3F}.Debug|Any CPU.ActiveCfg = Debug|Any CPU
		{D4E4B48C-129D-437C-ABA2-C9D652B57A3F}.Debug|Any CPU.Build.0 = Debug|Any CPU
		{D4E4B48C-129D-437C-ABA2-C9D652B57A3F}.Release|Any CPU.ActiveCfg = Release|Any CPU
		{D4E4B48C-129D-437C-ABA2-C9D652B57A3F}.Release|Any CPU.Build.0 = Release|Any CPU
		{DDD2B78D-F18D-47D5-BC2E-338D2E6FCF13}.Debug|Any CPU.ActiveCfg = Debug|Any CPU
		{DDD2B78D-F18D-47D5-BC2E-338D2E6FCF13}.Debug|Any CPU.Build.0 = Debug|Any CPU
		{DDD2B78D-F18D-47D5-BC2E-338D2E6FCF13}.Release|Any CPU.ActiveCfg = Release|Any CPU
		{DDD2B78D-F18D-47D5-BC2E-338D2E6FCF13}.Release|Any CPU.Build.0 = Release|Any CPU
		{4C467B56-C8BE-44FF-991B-5C07E39AF57C}.Debug|Any CPU.ActiveCfg = Debug|Any CPU
		{4C467B56-C8BE-44FF-991B-5C07E39AF57C}.Debug|Any CPU.Build.0 = Debug|Any CPU
		{4C467B56-C8BE-44FF-991B-5C07E39AF57C}.Release|Any CPU.ActiveCfg = Release|Any CPU
		{4C467B56-C8BE-44FF-991B-5C07E39AF57C}.Release|Any CPU.Build.0 = Release|Any CPU
		{C5BD26AF-C1AE-4062-993C-8C46C223398D}.Debug|Any CPU.ActiveCfg = Debug|Any CPU
		{C5BD26AF-C1AE-4062-993C-8C46C223398D}.Debug|Any CPU.Build.0 = Debug|Any CPU
		{C5BD26AF-C1AE-4062-993C-8C46C223398D}.Release|Any CPU.ActiveCfg = Release|Any CPU
		{C5BD26AF-C1AE-4062-993C-8C46C223398D}.Release|Any CPU.Build.0 = Release|Any CPU
		{F9423DC2-AF10-41EC-9803-5F6A1C90AFDD}.Debug|Any CPU.ActiveCfg = Debug|Any CPU
		{F9423DC2-AF10-41EC-9803-5F6A1C90AFDD}.Debug|Any CPU.Build.0 = Debug|Any CPU
		{F9423DC2-AF10-41EC-9803-5F6A1C90AFDD}.Release|Any CPU.ActiveCfg = Release|Any CPU
		{F9423DC2-AF10-41EC-9803-5F6A1C90AFDD}.Release|Any CPU.Build.0 = Release|Any CPU
		{A9DBF06D-6221-4B8D-B64C-346810A1F7DD}.Debug|Any CPU.ActiveCfg = Debug|Any CPU
		{A9DBF06D-6221-4B8D-B64C-346810A1F7DD}.Debug|Any CPU.Build.0 = Debug|Any CPU
		{A9DBF06D-6221-4B8D-B64C-346810A1F7DD}.Release|Any CPU.ActiveCfg = Release|Any CPU
		{A9DBF06D-6221-4B8D-B64C-346810A1F7DD}.Release|Any CPU.Build.0 = Release|Any CPU
	EndGlobalSection
	GlobalSection(SolutionProperties) = preSolution
		HideSolutionNode = FALSE
	EndGlobalSection
	GlobalSection(ExtensibilityGlobals) = postSolution
		SolutionGuid = {A524D418-39BE-4651-9893-507A8F93CA0E}
	EndGlobalSection
EndGlobal
