
Microsoft Visual Studio Solution File, Format Version 12.00
# Visual Studio Version 16
VisualStudioVersion = 16.0.30128.74
MinimumVisualStudioVersion = 10.0.40219.1
Project("{9A19103F-16F7-4668-BE54-9A1E7A4F7556}") = "BasicStackOperations", "BasicStackOperations\BasicStackOperations.csproj", "{0AA520CB-9EC5-47FC-AE53-0FC0D74573D8}"
EndProject
Project("{9A19103F-16F7-4668-BE54-9A1E7A4F7556}") = "BasicQueueOperations", "BasicQueueOperations\BasicQueueOperations.csproj", "{E14FE915-8003-4F1C-AC75-567126AFE9EC}"
EndProject
Project("{9A19103F-16F7-4668-BE54-9A1E7A4F7556}") = "MaximumAndMinimumElement", "MaximumAndMinimumElement\MaximumAndMinimumElement.csproj", "{F796A1EF-3C59-4A5B-8F2F-EEF61B01B084}"
EndProject
Project("{9A19103F-16F7-4668-BE54-9A1E7A4F7556}") = "FastFood", "FastFood\FastFood.csproj", "{3D773D6A-59FC-4280-9ED4-ADC4313B016D}"
EndProject
Project("{9A19103F-16F7-4668-BE54-9A1E7A4F7556}") = "FashionBoutique", "FashionBoutique\FashionBoutique.csproj", "{55A01B96-0C09-4BBA-8D65-13D4EF136384}"
EndProject
Project("{FAE04EC0-301F-11D3-BF4B-00C04F79EFBC}") = "SongsQueue", "SongsQueue\SongsQueue.csproj", "{EFDA6E1B-90BF-46DE-8D1C-C06582D6683A}"
EndProject
Project("{FAE04EC0-301F-11D3-BF4B-00C04F79EFBC}") = "TruckTour", "TruckTour\TruckTour.csproj", "{4B718E61-B782-4E91-8E46-D7344A2F2C68}"
EndProject
Project("{FAE04EC0-301F-11D3-BF4B-00C04F79EFBC}") = "BalancedParentheses", "BalancedParentheses\BalancedParentheses.csproj", "{82A29D8D-0307-4B7F-95AB-74078B5B3F55}"
EndProject
Project("{FAE04EC0-301F-11D3-BF4B-00C04F79EFBC}") = "SimpleTextEditor", "SimpleTextEditor\SimpleTextEditor.csproj", "{4F4EC20D-3548-44DE-855A-777E9930D5E5}"
EndProject
Project("{FAE04EC0-301F-11D3-BF4B-00C04F79EFBC}") = "Crossroads", "Crossroads\Crossroads.csproj", "{402842C8-58C9-4A1E-A3F5-10F5E9965D15}"
EndProject
Project("{FAE04EC0-301F-11D3-BF4B-00C04F79EFBC}") = "KeyRevolver", "KeyRevolver\KeyRevolver.csproj", "{2ABD733B-DB99-4451-BF9F-D80823C30366}"
EndProject
Project("{FAE04EC0-301F-11D3-BF4B-00C04F79EFBC}") = "CupsAndBottles", "CupsAndBottles\CupsAndBottles.csproj", "{DF99453E-1B0E-462A-B493-B5E6D1ECF92C}"
EndProject
Global
	GlobalSection(SolutionConfigurationPlatforms) = preSolution
		Debug|Any CPU = Debug|Any CPU
		Release|Any CPU = Release|Any CPU
	EndGlobalSection
	GlobalSection(ProjectConfigurationPlatforms) = postSolution
		{0AA520CB-9EC5-47FC-AE53-0FC0D74573D8}.Debug|Any CPU.ActiveCfg = Debug|Any CPU
		{0AA520CB-9EC5-47FC-AE53-0FC0D74573D8}.Debug|Any CPU.Build.0 = Debug|Any CPU
		{0AA520CB-9EC5-47FC-AE53-0FC0D74573D8}.Release|Any CPU.ActiveCfg = Release|Any CPU
		{0AA520CB-9EC5-47FC-AE53-0FC0D74573D8}.Release|Any CPU.Build.0 = Release|Any CPU
		{E14FE915-8003-4F1C-AC75-567126AFE9EC}.Debug|Any CPU.ActiveCfg = Debug|Any CPU
		{E14FE915-8003-4F1C-AC75-567126AFE9EC}.Debug|Any CPU.Build.0 = Debug|Any CPU
		{E14FE915-8003-4F1C-AC75-567126AFE9EC}.Release|Any CPU.ActiveCfg = Release|Any CPU
		{E14FE915-8003-4F1C-AC75-567126AFE9EC}.Release|Any CPU.Build.0 = Release|Any CPU
		{F796A1EF-3C59-4A5B-8F2F-EEF61B01B084}.Debug|Any CPU.ActiveCfg = Debug|Any CPU
		{F796A1EF-3C59-4A5B-8F2F-EEF61B01B084}.Debug|Any CPU.Build.0 = Debug|Any CPU
		{F796A1EF-3C59-4A5B-8F2F-EEF61B01B084}.Release|Any CPU.ActiveCfg = Release|Any CPU
		{F796A1EF-3C59-4A5B-8F2F-EEF61B01B084}.Release|Any CPU.Build.0 = Release|Any CPU
		{3D773D6A-59FC-4280-9ED4-ADC4313B016D}.Debug|Any CPU.ActiveCfg = Debug|Any CPU
		{3D773D6A-59FC-4280-9ED4-ADC4313B016D}.Debug|Any CPU.Build.0 = Debug|Any CPU
		{3D773D6A-59FC-4280-9ED4-ADC4313B016D}.Release|Any CPU.ActiveCfg = Release|Any CPU
		{3D773D6A-59FC-4280-9ED4-ADC4313B016D}.Release|Any CPU.Build.0 = Release|Any CPU
		{55A01B96-0C09-4BBA-8D65-13D4EF136384}.Debug|Any CPU.ActiveCfg = Debug|Any CPU
		{55A01B96-0C09-4BBA-8D65-13D4EF136384}.Debug|Any CPU.Build.0 = Debug|Any CPU
		{55A01B96-0C09-4BBA-8D65-13D4EF136384}.Release|Any CPU.ActiveCfg = Release|Any CPU
		{55A01B96-0C09-4BBA-8D65-13D4EF136384}.Release|Any CPU.Build.0 = Release|Any CPU
		{EFDA6E1B-90BF-46DE-8D1C-C06582D6683A}.Debug|Any CPU.ActiveCfg = Debug|Any CPU
		{EFDA6E1B-90BF-46DE-8D1C-C06582D6683A}.Debug|Any CPU.Build.0 = Debug|Any CPU
		{EFDA6E1B-90BF-46DE-8D1C-C06582D6683A}.Release|Any CPU.ActiveCfg = Release|Any CPU
		{EFDA6E1B-90BF-46DE-8D1C-C06582D6683A}.Release|Any CPU.Build.0 = Release|Any CPU
		{4B718E61-B782-4E91-8E46-D7344A2F2C68}.Debug|Any CPU.ActiveCfg = Debug|Any CPU
		{4B718E61-B782-4E91-8E46-D7344A2F2C68}.Debug|Any CPU.Build.0 = Debug|Any CPU
		{4B718E61-B782-4E91-8E46-D7344A2F2C68}.Release|Any CPU.ActiveCfg = Release|Any CPU
		{4B718E61-B782-4E91-8E46-D7344A2F2C68}.Release|Any CPU.Build.0 = Release|Any CPU
		{82A29D8D-0307-4B7F-95AB-74078B5B3F55}.Debug|Any CPU.ActiveCfg = Debug|Any CPU
		{82A29D8D-0307-4B7F-95AB-74078B5B3F55}.Debug|Any CPU.Build.0 = Debug|Any CPU
		{82A29D8D-0307-4B7F-95AB-74078B5B3F55}.Release|Any CPU.ActiveCfg = Release|Any CPU
		{82A29D8D-0307-4B7F-95AB-74078B5B3F55}.Release|Any CPU.Build.0 = Release|Any CPU
		{4F4EC20D-3548-44DE-855A-777E9930D5E5}.Debug|Any CPU.ActiveCfg = Debug|Any CPU
		{4F4EC20D-3548-44DE-855A-777E9930D5E5}.Debug|Any CPU.Build.0 = Debug|Any CPU
		{4F4EC20D-3548-44DE-855A-777E9930D5E5}.Release|Any CPU.ActiveCfg = Release|Any CPU
		{4F4EC20D-3548-44DE-855A-777E9930D5E5}.Release|Any CPU.Build.0 = Release|Any CPU
		{402842C8-58C9-4A1E-A3F5-10F5E9965D15}.Debug|Any CPU.ActiveCfg = Debug|Any CPU
		{402842C8-58C9-4A1E-A3F5-10F5E9965D15}.Debug|Any CPU.Build.0 = Debug|Any CPU
		{402842C8-58C9-4A1E-A3F5-10F5E9965D15}.Release|Any CPU.ActiveCfg = Release|Any CPU
		{402842C8-58C9-4A1E-A3F5-10F5E9965D15}.Release|Any CPU.Build.0 = Release|Any CPU
		{2ABD733B-DB99-4451-BF9F-D80823C30366}.Debug|Any CPU.ActiveCfg = Debug|Any CPU
		{2ABD733B-DB99-4451-BF9F-D80823C30366}.Debug|Any CPU.Build.0 = Debug|Any CPU
		{2ABD733B-DB99-4451-BF9F-D80823C30366}.Release|Any CPU.ActiveCfg = Release|Any CPU
		{2ABD733B-DB99-4451-BF9F-D80823C30366}.Release|Any CPU.Build.0 = Release|Any CPU
		{DF99453E-1B0E-462A-B493-B5E6D1ECF92C}.Debug|Any CPU.ActiveCfg = Debug|Any CPU
		{DF99453E-1B0E-462A-B493-B5E6D1ECF92C}.Debug|Any CPU.Build.0 = Debug|Any CPU
		{DF99453E-1B0E-462A-B493-B5E6D1ECF92C}.Release|Any CPU.ActiveCfg = Release|Any CPU
		{DF99453E-1B0E-462A-B493-B5E6D1ECF92C}.Release|Any CPU.Build.0 = Release|Any CPU
	EndGlobalSection
	GlobalSection(SolutionProperties) = preSolution
		HideSolutionNode = FALSE
	EndGlobalSection
	GlobalSection(ExtensibilityGlobals) = postSolution
		SolutionGuid = {2F76E116-1546-400E-8D46-276F5EAE23E5}
	EndGlobalSection
EndGlobal
