
Microsoft Visual Studio Solution File, Format Version 12.00
# Visual Studio Version 16
VisualStudioVersion = 16.0.30128.74
MinimumVisualStudioVersion = 10.0.40219.1
Project("{9A19103F-16F7-4668-BE54-9A1E7A4F7556}") = "DayOfWeek", "7.ConditionalStatementsAdvanced\DayOfWeek.csproj", "{04680778-4B5D-4B2D-B187-CC293A0DBC64}"
EndProject
Project("{FAE04EC0-301F-11D3-BF4B-00C04F79EFBC}") = "WeekendOrWorkingDay", "WeekendOrWorkingDay\WeekendOrWorkingDay.csproj", "{1875A283-D71C-4E71-A667-6BB7F9E3B158}"
EndProject
Project("{FAE04EC0-301F-11D3-BF4B-00C04F79EFBC}") = "AnimalType", "AnimalType\AnimalType.csproj", "{54828E3C-ADA6-4BF2-9536-373D6DCCFBA5}"
EndProject
Project("{FAE04EC0-301F-11D3-BF4B-00C04F79EFBC}") = "PersonalTitles", "PersonalTitles\PersonalTitles.csproj", "{9C2A5FD1-C376-4E69-AF3D-80E74DAE8849}"
EndProject
Project("{FAE04EC0-301F-11D3-BF4B-00C04F79EFBC}") = "SmallShop", "SmallShop\SmallShop.csproj", "{1D619F61-1437-4746-9FF8-15CAB5FAC0D1}"
EndProject
Project("{FAE04EC0-301F-11D3-BF4B-00C04F79EFBC}") = "NumberInRange", "NumberInRange\NumberInRange.csproj", "{638F2D69-FFE3-423C-8EEF-90E6B351755B}"
EndProject
Project("{FAE04EC0-301F-11D3-BF4B-00C04F79EFBC}") = "WorkingHours", "WorkingHours\WorkingHours.csproj", "{2E59308A-C951-4BF5-9327-9F822ADECB1D}"
EndProject
Project("{FAE04EC0-301F-11D3-BF4B-00C04F79EFBC}") = "CinemaTicket", "CinemaTicket\CinemaTicket.csproj", "{C7654839-A9A5-4E0F-BB04-308469FB63F8}"
EndProject
Project("{FAE04EC0-301F-11D3-BF4B-00C04F79EFBC}") = "FruitOrVegetable", "FruitOrVegetable\FruitOrVegetable.csproj", "{F410F77B-EBD8-46E0-96C2-F07A7D4C3EF4}"
EndProject
Project("{FAE04EC0-301F-11D3-BF4B-00C04F79EFBC}") = "InvalidNumber", "InvalidNumber\InvalidNumber.csproj", "{70044BBB-CEAD-4F55-9BB3-D235F9CB0E80}"
EndProject
Project("{FAE04EC0-301F-11D3-BF4B-00C04F79EFBC}") = "FruitShop", "FruitShop\FruitShop.csproj", "{06B4CBE1-097B-42B9-801A-47930D4EF17F}"
EndProject
Project("{FAE04EC0-301F-11D3-BF4B-00C04F79EFBC}") = "TradeCommissions", "TradeCommissions\TradeCommissions.csproj", "{AE4C02AF-1E13-42A3-B92E-8AFE6E3E170B}"
EndProject
Project("{FAE04EC0-301F-11D3-BF4B-00C04F79EFBC}") = "SkiTrip", "SkiTrip\SkiTrip.csproj", "{81550181-3ABD-4DC3-BE79-6CB0BC566990}"
EndProject
Global
	GlobalSection(SolutionConfigurationPlatforms) = preSolution
		Debug|Any CPU = Debug|Any CPU
		Release|Any CPU = Release|Any CPU
	EndGlobalSection
	GlobalSection(ProjectConfigurationPlatforms) = postSolution
		{04680778-4B5D-4B2D-B187-CC293A0DBC64}.Debug|Any CPU.ActiveCfg = Debug|Any CPU
		{04680778-4B5D-4B2D-B187-CC293A0DBC64}.Debug|Any CPU.Build.0 = Debug|Any CPU
		{04680778-4B5D-4B2D-B187-CC293A0DBC64}.Release|Any CPU.ActiveCfg = Release|Any CPU
		{04680778-4B5D-4B2D-B187-CC293A0DBC64}.Release|Any CPU.Build.0 = Release|Any CPU
		{1875A283-D71C-4E71-A667-6BB7F9E3B158}.Debug|Any CPU.ActiveCfg = Debug|Any CPU
		{1875A283-D71C-4E71-A667-6BB7F9E3B158}.Debug|Any CPU.Build.0 = Debug|Any CPU
		{1875A283-D71C-4E71-A667-6BB7F9E3B158}.Release|Any CPU.ActiveCfg = Release|Any CPU
		{1875A283-D71C-4E71-A667-6BB7F9E3B158}.Release|Any CPU.Build.0 = Release|Any CPU
		{54828E3C-ADA6-4BF2-9536-373D6DCCFBA5}.Debug|Any CPU.ActiveCfg = Debug|Any CPU
		{54828E3C-ADA6-4BF2-9536-373D6DCCFBA5}.Debug|Any CPU.Build.0 = Debug|Any CPU
		{54828E3C-ADA6-4BF2-9536-373D6DCCFBA5}.Release|Any CPU.ActiveCfg = Release|Any CPU
		{54828E3C-ADA6-4BF2-9536-373D6DCCFBA5}.Release|Any CPU.Build.0 = Release|Any CPU
		{9C2A5FD1-C376-4E69-AF3D-80E74DAE8849}.Debug|Any CPU.ActiveCfg = Debug|Any CPU
		{9C2A5FD1-C376-4E69-AF3D-80E74DAE8849}.Debug|Any CPU.Build.0 = Debug|Any CPU
		{9C2A5FD1-C376-4E69-AF3D-80E74DAE8849}.Release|Any CPU.ActiveCfg = Release|Any CPU
		{9C2A5FD1-C376-4E69-AF3D-80E74DAE8849}.Release|Any CPU.Build.0 = Release|Any CPU
		{1D619F61-1437-4746-9FF8-15CAB5FAC0D1}.Debug|Any CPU.ActiveCfg = Debug|Any CPU
		{1D619F61-1437-4746-9FF8-15CAB5FAC0D1}.Debug|Any CPU.Build.0 = Debug|Any CPU
		{1D619F61-1437-4746-9FF8-15CAB5FAC0D1}.Release|Any CPU.ActiveCfg = Release|Any CPU
		{1D619F61-1437-4746-9FF8-15CAB5FAC0D1}.Release|Any CPU.Build.0 = Release|Any CPU
		{638F2D69-FFE3-423C-8EEF-90E6B351755B}.Debug|Any CPU.ActiveCfg = Debug|Any CPU
		{638F2D69-FFE3-423C-8EEF-90E6B351755B}.Debug|Any CPU.Build.0 = Debug|Any CPU
		{638F2D69-FFE3-423C-8EEF-90E6B351755B}.Release|Any CPU.ActiveCfg = Release|Any CPU
		{638F2D69-FFE3-423C-8EEF-90E6B351755B}.Release|Any CPU.Build.0 = Release|Any CPU
		{2E59308A-C951-4BF5-9327-9F822ADECB1D}.Debug|Any CPU.ActiveCfg = Debug|Any CPU
		{2E59308A-C951-4BF5-9327-9F822ADECB1D}.Debug|Any CPU.Build.0 = Debug|Any CPU
		{2E59308A-C951-4BF5-9327-9F822ADECB1D}.Release|Any CPU.ActiveCfg = Release|Any CPU
		{2E59308A-C951-4BF5-9327-9F822ADECB1D}.Release|Any CPU.Build.0 = Release|Any CPU
		{C7654839-A9A5-4E0F-BB04-308469FB63F8}.Debug|Any CPU.ActiveCfg = Debug|Any CPU
		{C7654839-A9A5-4E0F-BB04-308469FB63F8}.Debug|Any CPU.Build.0 = Debug|Any CPU
		{C7654839-A9A5-4E0F-BB04-308469FB63F8}.Release|Any CPU.ActiveCfg = Release|Any CPU
		{C7654839-A9A5-4E0F-BB04-308469FB63F8}.Release|Any CPU.Build.0 = Release|Any CPU
		{F410F77B-EBD8-46E0-96C2-F07A7D4C3EF4}.Debug|Any CPU.ActiveCfg = Debug|Any CPU
		{F410F77B-EBD8-46E0-96C2-F07A7D4C3EF4}.Debug|Any CPU.Build.0 = Debug|Any CPU
		{F410F77B-EBD8-46E0-96C2-F07A7D4C3EF4}.Release|Any CPU.ActiveCfg = Release|Any CPU
		{F410F77B-EBD8-46E0-96C2-F07A7D4C3EF4}.Release|Any CPU.Build.0 = Release|Any CPU
		{70044BBB-CEAD-4F55-9BB3-D235F9CB0E80}.Debug|Any CPU.ActiveCfg = Debug|Any CPU
		{70044BBB-CEAD-4F55-9BB3-D235F9CB0E80}.Debug|Any CPU.Build.0 = Debug|Any CPU
		{70044BBB-CEAD-4F55-9BB3-D235F9CB0E80}.Release|Any CPU.ActiveCfg = Release|Any CPU
		{70044BBB-CEAD-4F55-9BB3-D235F9CB0E80}.Release|Any CPU.Build.0 = Release|Any CPU
		{06B4CBE1-097B-42B9-801A-47930D4EF17F}.Debug|Any CPU.ActiveCfg = Debug|Any CPU
		{06B4CBE1-097B-42B9-801A-47930D4EF17F}.Debug|Any CPU.Build.0 = Debug|Any CPU
		{06B4CBE1-097B-42B9-801A-47930D4EF17F}.Release|Any CPU.ActiveCfg = Release|Any CPU
		{06B4CBE1-097B-42B9-801A-47930D4EF17F}.Release|Any CPU.Build.0 = Release|Any CPU
		{AE4C02AF-1E13-42A3-B92E-8AFE6E3E170B}.Debug|Any CPU.ActiveCfg = Debug|Any CPU
		{AE4C02AF-1E13-42A3-B92E-8AFE6E3E170B}.Debug|Any CPU.Build.0 = Debug|Any CPU
		{AE4C02AF-1E13-42A3-B92E-8AFE6E3E170B}.Release|Any CPU.ActiveCfg = Release|Any CPU
		{AE4C02AF-1E13-42A3-B92E-8AFE6E3E170B}.Release|Any CPU.Build.0 = Release|Any CPU
		{81550181-3ABD-4DC3-BE79-6CB0BC566990}.Debug|Any CPU.ActiveCfg = Debug|Any CPU
		{81550181-3ABD-4DC3-BE79-6CB0BC566990}.Debug|Any CPU.Build.0 = Debug|Any CPU
		{81550181-3ABD-4DC3-BE79-6CB0BC566990}.Release|Any CPU.ActiveCfg = Release|Any CPU
		{81550181-3ABD-4DC3-BE79-6CB0BC566990}.Release|Any CPU.Build.0 = Release|Any CPU
	EndGlobalSection
	GlobalSection(SolutionProperties) = preSolution
		HideSolutionNode = FALSE
	EndGlobalSection
	GlobalSection(ExtensibilityGlobals) = postSolution
		SolutionGuid = {82CD652D-FD08-46F0-BCB3-225DADE40F18}
	EndGlobalSection
EndGlobal
