
Microsoft Visual Studio Solution File, Format Version 12.00
# Visual Studio Version 16
VisualStudioVersion = 16.0.30128.74
MinimumVisualStudioVersion = 10.0.40219.1
Project("{FAE04EC0-301F-11D3-BF4B-00C04F79EFBC}") = "Problem1", "Problem1\Problem1.csproj", "{02B2A392-7C37-4E97-B31D-97C31F46135B}"
EndProject
Project("{FAE04EC0-301F-11D3-BF4B-00C04F79EFBC}") = "Problem2", "Problem2\Problem2.csproj", "{8D8CBE60-ADDD-4F1E-8F0A-F8DC95D68326}"
EndProject
Project("{FAE04EC0-301F-11D3-BF4B-00C04F79EFBC}") = "Problem3", "Problem3\Problem3.csproj", "{7C9B2505-FB2A-4D4A-8789-CE3146A7BC7C}"
EndProject
Project("{FAE04EC0-301F-11D3-BF4B-00C04F79EFBC}") = "ConsoleApp1", "ConsoleApp1\ConsoleApp1.csproj", "{470E3BC0-B751-4674-A44F-24CBFBCF674D}"
EndProject
Global
	GlobalSection(SolutionConfigurationPlatforms) = preSolution
		Debug|Any CPU = Debug|Any CPU
		Release|Any CPU = Release|Any CPU
	EndGlobalSection
	GlobalSection(ProjectConfigurationPlatforms) = postSolution
		{02B2A392-7C37-4E97-B31D-97C31F46135B}.Debug|Any CPU.ActiveCfg = Debug|Any CPU
		{02B2A392-7C37-4E97-B31D-97C31F46135B}.Debug|Any CPU.Build.0 = Debug|Any CPU
		{02B2A392-7C37-4E97-B31D-97C31F46135B}.Release|Any CPU.ActiveCfg = Release|Any CPU
		{02B2A392-7C37-4E97-B31D-97C31F46135B}.Release|Any CPU.Build.0 = Release|Any CPU
		{8D8CBE60-ADDD-4F1E-8F0A-F8DC95D68326}.Debug|Any CPU.ActiveCfg = Debug|Any CPU
		{8D8CBE60-ADDD-4F1E-8F0A-F8DC95D68326}.Debug|Any CPU.Build.0 = Debug|Any CPU
		{8D8CBE60-ADDD-4F1E-8F0A-F8DC95D68326}.Release|Any CPU.ActiveCfg = Release|Any CPU
		{8D8CBE60-ADDD-4F1E-8F0A-F8DC95D68326}.Release|Any CPU.Build.0 = Release|Any CPU
		{7C9B2505-FB2A-4D4A-8789-CE3146A7BC7C}.Debug|Any CPU.ActiveCfg = Debug|Any CPU
		{7C9B2505-FB2A-4D4A-8789-CE3146A7BC7C}.Debug|Any CPU.Build.0 = Debug|Any CPU
		{7C9B2505-FB2A-4D4A-8789-CE3146A7BC7C}.Release|Any CPU.ActiveCfg = Release|Any CPU
		{7C9B2505-FB2A-4D4A-8789-CE3146A7BC7C}.Release|Any CPU.Build.0 = Release|Any CPU
		{470E3BC0-B751-4674-A44F-24CBFBCF674D}.Debug|Any CPU.ActiveCfg = Debug|Any CPU
		{470E3BC0-B751-4674-A44F-24CBFBCF674D}.Debug|Any CPU.Build.0 = Debug|Any CPU
		{470E3BC0-B751-4674-A44F-24CBFBCF674D}.Release|Any CPU.ActiveCfg = Release|Any CPU
		{470E3BC0-B751-4674-A44F-24CBFBCF674D}.Release|Any CPU.Build.0 = Release|Any CPU
	EndGlobalSection
	GlobalSection(SolutionProperties) = preSolution
		HideSolutionNode = FALSE
	EndGlobalSection
	GlobalSection(ExtensibilityGlobals) = postSolution
		SolutionGuid = {8F09D7EB-6477-42B2-A92A-1A469D45A3F9}
	EndGlobalSection
EndGlobal
