
Microsoft Visual Studio Solution File, Format Version 12.00
# Visual Studio Version 16
VisualStudioVersion = 16.0.30128.74
MinimumVisualStudioVersion = 10.0.40219.1
Project("{FAE04EC0-301F-11D3-BF4B-00C04F79EFBC}") = "ReverseSrings", "ReverseSrings\ReverseSrings.csproj", "{F5EF20D4-0DF9-400D-B704-18F7F981DD17}"
EndProject
Project("{FAE04EC0-301F-11D3-BF4B-00C04F79EFBC}") = "StackSum", "StackSum\StackSum.csproj", "{1F2AFB22-9EE6-417D-9A70-EB1BEAE59BC8}"
EndProject
Project("{FAE04EC0-301F-11D3-BF4B-00C04F79EFBC}") = "MatchingBrackets", "MatchingBrackets\MatchingBrackets.csproj", "{5C2274B0-7845-4BC3-9681-DFA3F4809D9B}"
EndProject
Project("{FAE04EC0-301F-11D3-BF4B-00C04F79EFBC}") = "SimpleCalculator", "SimpleCalculator\SimpleCalculator.csproj", "{B0E1D549-C843-4C39-B82B-D15B88BB0AA8}"
EndProject
Project("{FAE04EC0-301F-11D3-BF4B-00C04F79EFBC}") = "PrintEvenNumbers", "PrintEvenNumbers\PrintEvenNumbers.csproj", "{8BF9F593-A39A-4BAE-B4B2-30570D72E5D9}"
EndProject
Project("{FAE04EC0-301F-11D3-BF4B-00C04F79EFBC}") = "Supermarket", "Supermarket\Supermarket.csproj", "{3A005D8A-3D8E-4EB3-AA1E-C6A82010D25E}"
EndProject
Project("{FAE04EC0-301F-11D3-BF4B-00C04F79EFBC}") = "HotPotato", "HotPotato\HotPotato.csproj", "{6634F7C8-9494-4D94-A332-8716D3EB2025}"
EndProject
Project("{FAE04EC0-301F-11D3-BF4B-00C04F79EFBC}") = "TrafficJam", "TrafficJam\TrafficJam.csproj", "{D9AA42DB-338E-4CAD-AAB4-CB2987BCC1FD}"
EndProject
Global
	GlobalSection(SolutionConfigurationPlatforms) = preSolution
		Debug|Any CPU = Debug|Any CPU
		Release|Any CPU = Release|Any CPU
	EndGlobalSection
	GlobalSection(ProjectConfigurationPlatforms) = postSolution
		{F5EF20D4-0DF9-400D-B704-18F7F981DD17}.Debug|Any CPU.ActiveCfg = Debug|Any CPU
		{F5EF20D4-0DF9-400D-B704-18F7F981DD17}.Debug|Any CPU.Build.0 = Debug|Any CPU
		{F5EF20D4-0DF9-400D-B704-18F7F981DD17}.Release|Any CPU.ActiveCfg = Release|Any CPU
		{F5EF20D4-0DF9-400D-B704-18F7F981DD17}.Release|Any CPU.Build.0 = Release|Any CPU
		{1F2AFB22-9EE6-417D-9A70-EB1BEAE59BC8}.Debug|Any CPU.ActiveCfg = Debug|Any CPU
		{1F2AFB22-9EE6-417D-9A70-EB1BEAE59BC8}.Debug|Any CPU.Build.0 = Debug|Any CPU
		{1F2AFB22-9EE6-417D-9A70-EB1BEAE59BC8}.Release|Any CPU.ActiveCfg = Release|Any CPU
		{1F2AFB22-9EE6-417D-9A70-EB1BEAE59BC8}.Release|Any CPU.Build.0 = Release|Any CPU
		{5C2274B0-7845-4BC3-9681-DFA3F4809D9B}.Debug|Any CPU.ActiveCfg = Debug|Any CPU
		{5C2274B0-7845-4BC3-9681-DFA3F4809D9B}.Debug|Any CPU.Build.0 = Debug|Any CPU
		{5C2274B0-7845-4BC3-9681-DFA3F4809D9B}.Release|Any CPU.ActiveCfg = Release|Any CPU
		{5C2274B0-7845-4BC3-9681-DFA3F4809D9B}.Release|Any CPU.Build.0 = Release|Any CPU
		{B0E1D549-C843-4C39-B82B-D15B88BB0AA8}.Debug|Any CPU.ActiveCfg = Debug|Any CPU
		{B0E1D549-C843-4C39-B82B-D15B88BB0AA8}.Debug|Any CPU.Build.0 = Debug|Any CPU
		{B0E1D549-C843-4C39-B82B-D15B88BB0AA8}.Release|Any CPU.ActiveCfg = Release|Any CPU
		{B0E1D549-C843-4C39-B82B-D15B88BB0AA8}.Release|Any CPU.Build.0 = Release|Any CPU
		{8BF9F593-A39A-4BAE-B4B2-30570D72E5D9}.Debug|Any CPU.ActiveCfg = Debug|Any CPU
		{8BF9F593-A39A-4BAE-B4B2-30570D72E5D9}.Debug|Any CPU.Build.0 = Debug|Any CPU
		{8BF9F593-A39A-4BAE-B4B2-30570D72E5D9}.Release|Any CPU.ActiveCfg = Release|Any CPU
		{8BF9F593-A39A-4BAE-B4B2-30570D72E5D9}.Release|Any CPU.Build.0 = Release|Any CPU
		{3A005D8A-3D8E-4EB3-AA1E-C6A82010D25E}.Debug|Any CPU.ActiveCfg = Debug|Any CPU
		{3A005D8A-3D8E-4EB3-AA1E-C6A82010D25E}.Debug|Any CPU.Build.0 = Debug|Any CPU
		{3A005D8A-3D8E-4EB3-AA1E-C6A82010D25E}.Release|Any CPU.ActiveCfg = Release|Any CPU
		{3A005D8A-3D8E-4EB3-AA1E-C6A82010D25E}.Release|Any CPU.Build.0 = Release|Any CPU
		{6634F7C8-9494-4D94-A332-8716D3EB2025}.Debug|Any CPU.ActiveCfg = Debug|Any CPU
		{6634F7C8-9494-4D94-A332-8716D3EB2025}.Debug|Any CPU.Build.0 = Debug|Any CPU
		{6634F7C8-9494-4D94-A332-8716D3EB2025}.Release|Any CPU.ActiveCfg = Release|Any CPU
		{6634F7C8-9494-4D94-A332-8716D3EB2025}.Release|Any CPU.Build.0 = Release|Any CPU
		{D9AA42DB-338E-4CAD-AAB4-CB2987BCC1FD}.Debug|Any CPU.ActiveCfg = Debug|Any CPU
		{D9AA42DB-338E-4CAD-AAB4-CB2987BCC1FD}.Debug|Any CPU.Build.0 = Debug|Any CPU
		{D9AA42DB-338E-4CAD-AAB4-CB2987BCC1FD}.Release|Any CPU.ActiveCfg = Release|Any CPU
		{D9AA42DB-338E-4CAD-AAB4-CB2987BCC1FD}.Release|Any CPU.Build.0 = Release|Any CPU
	EndGlobalSection
	GlobalSection(SolutionProperties) = preSolution
		HideSolutionNode = FALSE
	EndGlobalSection
	GlobalSection(ExtensibilityGlobals) = postSolution
		SolutionGuid = {FEC4118C-3403-462D-8995-3A7C0BB0BBDE}
	EndGlobalSection
EndGlobal
