
Microsoft Visual Studio Solution File, Format Version 12.00
# Visual Studio Version 16
VisualStudioVersion = 16.0.30128.74
MinimumVisualStudioVersion = 10.0.40219.1
Project("{9A19103F-16F7-4668-BE54-9A1E7A4F7556}") = "ReverseStrings", "ConsoleApp1\ReverseStrings.csproj", "{9BE9CFBA-4DA4-4D84-BE97-45419FEA729E}"
EndProject
Project("{9A19103F-16F7-4668-BE54-9A1E7A4F7556}") = "RepeatString", "RepeatString\RepeatString.csproj", "{703C11DF-BE2F-4C83-A168-60992698AFFF}"
EndProject
Project("{9A19103F-16F7-4668-BE54-9A1E7A4F7556}") = "Substring", "Substring\Substring.csproj", "{CBBA0DF2-9318-43C0-BBF2-7FA5FCCEE527}"
EndProject
Project("{FAE04EC0-301F-11D3-BF4B-00C04F79EFBC}") = "TextFilter", "TextFilter\TextFilter.csproj", "{5CE09EC6-BC2E-411B-90D5-23CB1D8508E3}"
EndProject
Project("{FAE04EC0-301F-11D3-BF4B-00C04F79EFBC}") = "DigitsLettersAndOther", "DigitsLettersAndOther\DigitsLettersAndOther.csproj", "{7F8DB7DF-FA90-4E13-99FA-07980422B564}"
EndProject
Global
	GlobalSection(SolutionConfigurationPlatforms) = preSolution
		Debug|Any CPU = Debug|Any CPU
		Release|Any CPU = Release|Any CPU
	EndGlobalSection
	GlobalSection(ProjectConfigurationPlatforms) = postSolution
		{9BE9CFBA-4DA4-4D84-BE97-45419FEA729E}.Debug|Any CPU.ActiveCfg = Debug|Any CPU
		{9BE9CFBA-4DA4-4D84-BE97-45419FEA729E}.Debug|Any CPU.Build.0 = Debug|Any CPU
		{9BE9CFBA-4DA4-4D84-BE97-45419FEA729E}.Release|Any CPU.ActiveCfg = Release|Any CPU
		{9BE9CFBA-4DA4-4D84-BE97-45419FEA729E}.Release|Any CPU.Build.0 = Release|Any CPU
		{703C11DF-BE2F-4C83-A168-60992698AFFF}.Debug|Any CPU.ActiveCfg = Debug|Any CPU
		{703C11DF-BE2F-4C83-A168-60992698AFFF}.Debug|Any CPU.Build.0 = Debug|Any CPU
		{703C11DF-BE2F-4C83-A168-60992698AFFF}.Release|Any CPU.ActiveCfg = Release|Any CPU
		{703C11DF-BE2F-4C83-A168-60992698AFFF}.Release|Any CPU.Build.0 = Release|Any CPU
		{CBBA0DF2-9318-43C0-BBF2-7FA5FCCEE527}.Debug|Any CPU.ActiveCfg = Debug|Any CPU
		{CBBA0DF2-9318-43C0-BBF2-7FA5FCCEE527}.Debug|Any CPU.Build.0 = Debug|Any CPU
		{CBBA0DF2-9318-43C0-BBF2-7FA5FCCEE527}.Release|Any CPU.ActiveCfg = Release|Any CPU
		{CBBA0DF2-9318-43C0-BBF2-7FA5FCCEE527}.Release|Any CPU.Build.0 = Release|Any CPU
		{5CE09EC6-BC2E-411B-90D5-23CB1D8508E3}.Debug|Any CPU.ActiveCfg = Debug|Any CPU
		{5CE09EC6-BC2E-411B-90D5-23CB1D8508E3}.Debug|Any CPU.Build.0 = Debug|Any CPU
		{5CE09EC6-BC2E-411B-90D5-23CB1D8508E3}.Release|Any CPU.ActiveCfg = Release|Any CPU
		{5CE09EC6-BC2E-411B-90D5-23CB1D8508E3}.Release|Any CPU.Build.0 = Release|Any CPU
		{7F8DB7DF-FA90-4E13-99FA-07980422B564}.Debug|Any CPU.ActiveCfg = Debug|Any CPU
		{7F8DB7DF-FA90-4E13-99FA-07980422B564}.Debug|Any CPU.Build.0 = Debug|Any CPU
		{7F8DB7DF-FA90-4E13-99FA-07980422B564}.Release|Any CPU.ActiveCfg = Release|Any CPU
		{7F8DB7DF-FA90-4E13-99FA-07980422B564}.Release|Any CPU.Build.0 = Release|Any CPU
	EndGlobalSection
	GlobalSection(SolutionProperties) = preSolution
		HideSolutionNode = FALSE
	EndGlobalSection
	GlobalSection(ExtensibilityGlobals) = postSolution
		SolutionGuid = {97AB939C-70AF-4ED7-91D8-2ED3C0D17BAA}
	EndGlobalSection
EndGlobal
