
Microsoft Visual Studio Solution File, Format Version 12.00
# Visual Studio Version 16
VisualStudioVersion = 16.0.30128.74
MinimumVisualStudioVersion = 10.0.40219.1
Project("{9A19103F-16F7-4668-BE54-9A1E7A4F7556}") = "Task1", "Task1\Task1.csproj", "{0D74F5D5-1C84-4A5A-AF55-6BD0F792D40E}"
EndProject
Project("{9A19103F-16F7-4668-BE54-9A1E7A4F7556}") = "Task3", "Task3\Task3.csproj", "{D2BFEA96-E4AA-4ADD-8E83-9D8999FDD90B}"
EndProject
Project("{FAE04EC0-301F-11D3-BF4B-00C04F79EFBC}") = "Task2", "Task2\Task2.csproj", "{899E9C69-385E-4148-B3D8-120451A41732}"
EndProject
Global
	GlobalSection(SolutionConfigurationPlatforms) = preSolution
		Debug|Any CPU = Debug|Any CPU
		Release|Any CPU = Release|Any CPU
	EndGlobalSection
	GlobalSection(ProjectConfigurationPlatforms) = postSolution
		{0D74F5D5-1C84-4A5A-AF55-6BD0F792D40E}.Debug|Any CPU.ActiveCfg = Debug|Any CPU
		{0D74F5D5-1C84-4A5A-AF55-6BD0F792D40E}.Debug|Any CPU.Build.0 = Debug|Any CPU
		{0D74F5D5-1C84-4A5A-AF55-6BD0F792D40E}.Release|Any CPU.ActiveCfg = Release|Any CPU
		{0D74F5D5-1C84-4A5A-AF55-6BD0F792D40E}.Release|Any CPU.Build.0 = Release|Any CPU
		{D2BFEA96-E4AA-4ADD-8E83-9D8999FDD90B}.Debug|Any CPU.ActiveCfg = Debug|Any CPU
		{D2BFEA96-E4AA-4ADD-8E83-9D8999FDD90B}.Debug|Any CPU.Build.0 = Debug|Any CPU
		{D2BFEA96-E4AA-4ADD-8E83-9D8999FDD90B}.Release|Any CPU.ActiveCfg = Release|Any CPU
		{D2BFEA96-E4AA-4ADD-8E83-9D8999FDD90B}.Release|Any CPU.Build.0 = Release|Any CPU
		{899E9C69-385E-4148-B3D8-120451A41732}.Debug|Any CPU.ActiveCfg = Debug|Any CPU
		{899E9C69-385E-4148-B3D8-120451A41732}.Debug|Any CPU.Build.0 = Debug|Any CPU
		{899E9C69-385E-4148-B3D8-120451A41732}.Release|Any CPU.ActiveCfg = Release|Any CPU
		{899E9C69-385E-4148-B3D8-120451A41732}.Release|Any CPU.Build.0 = Release|Any CPU
	EndGlobalSection
	GlobalSection(SolutionProperties) = preSolution
		HideSolutionNode = FALSE
	EndGlobalSection
	GlobalSection(ExtensibilityGlobals) = postSolution
		SolutionGuid = {B8B80C20-DCA2-448D-9666-47FD63136EE0}
	EndGlobalSection
EndGlobal
