
Microsoft Visual Studio Solution File, Format Version 12.00
# Visual Studio Version 16
VisualStudioVersion = 16.0.30128.74
MinimumVisualStudioVersion = 10.0.40219.1
Project("{FAE04EC0-301F-11D3-BF4B-00C04F79EFBC}") = "ImplementTree", "ImplementTree\ImplementTree.csproj", "{C1650997-F1D6-4125-8640-4209EAB29D62}"
EndProject
Global
	GlobalSection(SolutionConfigurationPlatforms) = preSolution
		Debug|Any CPU = Debug|Any CPU
		Release|Any CPU = Release|Any CPU
	EndGlobalSection
	GlobalSection(ProjectConfigurationPlatforms) = postSolution
		{C1650997-F1D6-4125-8640-4209EAB29D62}.Debug|Any CPU.ActiveCfg = Debug|Any CPU
		{C1650997-F1D6-4125-8640-4209EAB29D62}.Debug|Any CPU.Build.0 = Debug|Any CPU
		{C1650997-F1D6-4125-8640-4209EAB29D62}.Release|Any CPU.ActiveCfg = Release|Any CPU
		{C1650997-F1D6-4125-8640-4209EAB29D62}.Release|Any CPU.Build.0 = Release|Any CPU
	EndGlobalSection
	GlobalSection(SolutionProperties) = preSolution
		HideSolutionNode = FALSE
	EndGlobalSection
	GlobalSection(ExtensibilityGlobals) = postSolution
		SolutionGuid = {795AD8A5-7E12-4933-BCB5-CD37A46535E2}
	EndGlobalSection
EndGlobal
