
Microsoft Visual Studio Solution File, Format Version 12.00
# Visual Studio Version 16
VisualStudioVersion = 16.0.30128.74
MinimumVisualStudioVersion = 10.0.40219.1
Project("{9A19103F-16F7-4668-BE54-9A1E7A4F7556}") = "ConputerStore", "ConputerStore\ConputerStore.csproj", "{66B7BBCD-5083-4DEE-871D-65811ECFBB13}"
EndProject
Project("{9A19103F-16F7-4668-BE54-9A1E7A4F7556}") = "TheLift", "TheLift\TheLift.csproj", "{4686AD85-F24A-4664-8FCE-D0C56F34A321}"
EndProject
Project("{9A19103F-16F7-4668-BE54-9A1E7A4F7556}") = "MemoryGame", "MemoryGame\MemoryGame.csproj", "{58FCCB2C-3E8D-48BA-B68B-4563C6F155F6}"
EndProject
Project("{FAE04EC0-301F-11D3-BF4B-00C04F79EFBC}") = "SoftUniReception", "SoftUniReception\SoftUniReception.csproj", "{788D061D-1B45-48C6-94D0-28184B17F57C}"
EndProject
Project("{FAE04EC0-301F-11D3-BF4B-00C04F79EFBC}") = "ArrayModifier", "ArrayModifier\ArrayModifier.csproj", "{94191D03-846B-4BB1-8F98-739BBCA1791E}"
EndProject
Project("{FAE04EC0-301F-11D3-BF4B-00C04F79EFBC}") = "Numbers", "Numbers\Numbers.csproj", "{D88CEF88-8C9C-4EAC-8AB2-2156488303B1}"
EndProject
Global
	GlobalSection(SolutionConfigurationPlatforms) = preSolution
		Debug|Any CPU = Debug|Any CPU
		Release|Any CPU = Release|Any CPU
	EndGlobalSection
	GlobalSection(ProjectConfigurationPlatforms) = postSolution
		{66B7BBCD-5083-4DEE-871D-65811ECFBB13}.Debug|Any CPU.ActiveCfg = Debug|Any CPU
		{66B7BBCD-5083-4DEE-871D-65811ECFBB13}.Debug|Any CPU.Build.0 = Debug|Any CPU
		{66B7BBCD-5083-4DEE-871D-65811ECFBB13}.Release|Any CPU.ActiveCfg = Release|Any CPU
		{66B7BBCD-5083-4DEE-871D-65811ECFBB13}.Release|Any CPU.Build.0 = Release|Any CPU
		{4686AD85-F24A-4664-8FCE-D0C56F34A321}.Debug|Any CPU.ActiveCfg = Debug|Any CPU
		{4686AD85-F24A-4664-8FCE-D0C56F34A321}.Debug|Any CPU.Build.0 = Debug|Any CPU
		{4686AD85-F24A-4664-8FCE-D0C56F34A321}.Release|Any CPU.ActiveCfg = Release|Any CPU
		{4686AD85-F24A-4664-8FCE-D0C56F34A321}.Release|Any CPU.Build.0 = Release|Any CPU
		{58FCCB2C-3E8D-48BA-B68B-4563C6F155F6}.Debug|Any CPU.ActiveCfg = Debug|Any CPU
		{58FCCB2C-3E8D-48BA-B68B-4563C6F155F6}.Debug|Any CPU.Build.0 = Debug|Any CPU
		{58FCCB2C-3E8D-48BA-B68B-4563C6F155F6}.Release|Any CPU.ActiveCfg = Release|Any CPU
		{58FCCB2C-3E8D-48BA-B68B-4563C6F155F6}.Release|Any CPU.Build.0 = Release|Any CPU
		{788D061D-1B45-48C6-94D0-28184B17F57C}.Debug|Any CPU.ActiveCfg = Debug|Any CPU
		{788D061D-1B45-48C6-94D0-28184B17F57C}.Debug|Any CPU.Build.0 = Debug|Any CPU
		{788D061D-1B45-48C6-94D0-28184B17F57C}.Release|Any CPU.ActiveCfg = Release|Any CPU
		{788D061D-1B45-48C6-94D0-28184B17F57C}.Release|Any CPU.Build.0 = Release|Any CPU
		{94191D03-846B-4BB1-8F98-739BBCA1791E}.Debug|Any CPU.ActiveCfg = Debug|Any CPU
		{94191D03-846B-4BB1-8F98-739BBCA1791E}.Debug|Any CPU.Build.0 = Debug|Any CPU
		{94191D03-846B-4BB1-8F98-739BBCA1791E}.Release|Any CPU.ActiveCfg = Release|Any CPU
		{94191D03-846B-4BB1-8F98-739BBCA1791E}.Release|Any CPU.Build.0 = Release|Any CPU
		{D88CEF88-8C9C-4EAC-8AB2-2156488303B1}.Debug|Any CPU.ActiveCfg = Debug|Any CPU
		{D88CEF88-8C9C-4EAC-8AB2-2156488303B1}.Debug|Any CPU.Build.0 = Debug|Any CPU
		{D88CEF88-8C9C-4EAC-8AB2-2156488303B1}.Release|Any CPU.ActiveCfg = Release|Any CPU
		{D88CEF88-8C9C-4EAC-8AB2-2156488303B1}.Release|Any CPU.Build.0 = Release|Any CPU
	EndGlobalSection
	GlobalSection(SolutionProperties) = preSolution
		HideSolutionNode = FALSE
	EndGlobalSection
	GlobalSection(ExtensibilityGlobals) = postSolution
		SolutionGuid = {D2DBD570-1B0E-48A7-98D1-569D371B021A}
	EndGlobalSection
EndGlobal
